// !$*UTF8*$!
{
	archiveVersion = 1;
	classes = {
	};
	objectVersion = 55;
	objects = {

/* Begin PBXBuildFile section */
		843FAEA0286B4344003E5507 /* GalleryViewController.swift in Sources */ = {isa = PBXBuildFile; fileRef = 843FAE9F286B4344003E5507 /* GalleryViewController.swift */; };
		843FAEA2286B4368003E5507 /* GalleryViewController.storyboard in Resources */ = {isa = PBXBuildFile; fileRef = 843FAEA1286B4368003E5507 /* GalleryViewController.storyboard */; };
		843FAEA4286B4378003E5507 /* GalleryView.swift in Sources */ = {isa = PBXBuildFile; fileRef = 843FAEA3286B4378003E5507 /* GalleryView.swift */; };
		843FAEA6286B4384003E5507 /* GalleryPresenter.swift in Sources */ = {isa = PBXBuildFile; fileRef = 843FAEA5286B4384003E5507 /* GalleryPresenter.swift */; };
		843FAEA9286B43AD003E5507 /* UViewController+Helper.swift in Sources */ = {isa = PBXBuildFile; fileRef = 843FAEA8286B43AD003E5507 /* UViewController+Helper.swift */; };
		8475C97D284E6AE1009E3232 /* AppDelegate.swift in Sources */ = {isa = PBXBuildFile; fileRef = 8475C97C284E6AE1009E3232 /* AppDelegate.swift */; };
		8475C97F284E6AE1009E3232 /* SceneDelegate.swift in Sources */ = {isa = PBXBuildFile; fileRef = 8475C97E284E6AE1009E3232 /* SceneDelegate.swift */; };
		8475C986284E6AE2009E3232 /* Assets.xcassets in Resources */ = {isa = PBXBuildFile; fileRef = 8475C985284E6AE2009E3232 /* Assets.xcassets */; };
		8475C989284E6AE2009E3232 /* LaunchScreen.storyboard in Resources */ = {isa = PBXBuildFile; fileRef = 8475C987284E6AE2009E3232 /* LaunchScreen.storyboard */; };
/* End PBXBuildFile section */

/* Begin PBXFileReference section */
		843FAE9F286B4344003E5507 /* GalleryViewController.swift */ = {isa = PBXFileReference; lastKnownFileType = sourcecode.swift; path = GalleryViewController.swift; sourceTree = "<group>"; };
		843FAEA1286B4368003E5507 /* GalleryViewController.storyboard */ = {isa = PBXFileReference; lastKnownFileType = file.storyboard; path = GalleryViewController.storyboard; sourceTree = "<group>"; };
		843FAEA3286B4378003E5507 /* GalleryView.swift */ = {isa = PBXFileReference; lastKnownFileType = sourcecode.swift; path = GalleryView.swift; sourceTree = "<group>"; };
		843FAEA5286B4384003E5507 /* GalleryPresenter.swift */ = {isa = PBXFileReference; lastKnownFileType = sourcecode.swift; path = GalleryPresenter.swift; sourceTree = "<group>"; };
		843FAEA8286B43AD003E5507 /* UViewController+Helper.swift */ = {isa = PBXFileReference; lastKnownFileType = sourcecode.swift; path = "UViewController+Helper.swift"; sourceTree = "<group>"; };
		8475C979284E6AE1009E3232 /* Boomerang.app */ = {isa = PBXFileReference; explicitFileType = wrapper.application; includeInIndex = 0; path = Boomerang.app; sourceTree = BUILT_PRODUCTS_DIR; };
		8475C97C284E6AE1009E3232 /* AppDelegate.swift */ = {isa = PBXFileReference; lastKnownFileType = sourcecode.swift; path = AppDelegate.swift; sourceTree = "<group>"; };
		8475C97E284E6AE1009E3232 /* SceneDelegate.swift */ = {isa = PBXFileReference; lastKnownFileType = sourcecode.swift; path = SceneDelegate.swift; sourceTree = "<group>"; };
		8475C985284E6AE2009E3232 /* Assets.xcassets */ = {isa = PBXFileReference; lastKnownFileType = folder.assetcatalog; path = Assets.xcassets; sourceTree = "<group>"; };
		8475C988284E6AE2009E3232 /* Base */ = {isa = PBXFileReference; lastKnownFileType = file.storyboard; name = Base; path = Base.lproj/LaunchScreen.storyboard; sourceTree = "<group>"; };
		8475C98A284E6AE2009E3232 /* Info.plist */ = {isa = PBXFileReference; lastKnownFileType = text.plist.xml; path = Info.plist; sourceTree = "<group>"; };
/* End PBXFileReference section */

/* Begin PBXFrameworksBuildPhase section */
		8475C976284E6AE1009E3232 /* Frameworks */ = {
			isa = PBXFrameworksBuildPhase;
			buildActionMask = 2147483647;
			files = (
			);
			runOnlyForDeploymentPostprocessing = 0;
		};
/* End PBXFrameworksBuildPhase section */

/* Begin PBXGroup section */
		843FAE9C286B42F1003E5507 /* Application */ = {
			isa = PBXGroup;
			children = (
				8475C97C284E6AE1009E3232 /* AppDelegate.swift */,
				8475C97E284E6AE1009E3232 /* SceneDelegate.swift */,
			);
			path = Application;
			sourceTree = "<group>";
		};
		843FAE9D286B4310003E5507 /* Modules */ = {
			isa = PBXGroup;
			children = (
				843FAE9E286B431A003E5507 /* Gallery */,
			);
			path = Modules;
			sourceTree = "<group>";
		};
		843FAE9E286B431A003E5507 /* Gallery */ = {
			isa = PBXGroup;
			children = (
				843FAE9F286B4344003E5507 /* GalleryViewController.swift */,
				843FAEA1286B4368003E5507 /* GalleryViewController.storyboard */,
				843FAEA3286B4378003E5507 /* GalleryView.swift */,
				843FAEA5286B4384003E5507 /* GalleryPresenter.swift */,
			);
			path = Gallery;
			sourceTree = "<group>";
		};
		843FAEA7286B439F003E5507 /* Extensions */ = {
			isa = PBXGroup;
			children = (
				843FAEA8286B43AD003E5507 /* UViewController+Helper.swift */,
			);
			path = Extensions;
			sourceTree = "<group>";
		};
		8475C970284E6AE1009E3232 = {
			isa = PBXGroup;
			children = (
				8475C97B284E6AE1009E3232 /* Boomerang */,
				8475C97A284E6AE1009E3232 /* Products */,
			);
			sourceTree = "<group>";
		};
		8475C97A284E6AE1009E3232 /* Products */ = {
			isa = PBXGroup;
			children = (
				8475C979284E6AE1009E3232 /* Boomerang.app */,
			);
			name = Products;
			sourceTree = "<group>";
		};
		8475C97B284E6AE1009E3232 /* Boomerang */ = {
			isa = PBXGroup;
			children = (
				843FAEA7286B439F003E5507 /* Extensions */,
				843FAE9D286B4310003E5507 /* Modules */,
				843FAE9C286B42F1003E5507 /* Application */,
				8475C985284E6AE2009E3232 /* Assets.xcassets */,
				8475C987284E6AE2009E3232 /* LaunchScreen.storyboard */,
				8475C98A284E6AE2009E3232 /* Info.plist */,
			);
			path = Boomerang;
			sourceTree = "<group>";
		};
/* End PBXGroup section */

/* Begin PBXNativeTarget section */
		8475C978284E6AE1009E3232 /* Boomerang */ = {
			isa = PBXNativeTarget;
			buildConfigurationList = 8475C98D284E6AE2009E3232 /* Build configuration list for PBXNativeTarget "Boomerang" */;
			buildPhases = (
				8475C975284E6AE1009E3232 /* Sources */,
				8475C976284E6AE1009E3232 /* Frameworks */,
				8475C977284E6AE1009E3232 /* Resources */,
			);
			buildRules = (
			);
			dependencies = (
			);
			name = Boomerang;
			productName = Boomerang;
			productReference = 8475C979284E6AE1009E3232 /* Boomerang.app */;
			productType = "com.apple.product-type.application";
		};
/* End PBXNativeTarget section */

/* Begin PBXProject section */
		8475C971284E6AE1009E3232 /* Project object */ = {
			isa = PBXProject;
			attributes = {
				BuildIndependentTargetsInParallel = 1;
				LastSwiftUpdateCheck = 1330;
				LastUpgradeCheck = 1330;
				TargetAttributes = {
					8475C978284E6AE1009E3232 = {
						CreatedOnToolsVersion = 13.3.1;
					};
				};
			};
			buildConfigurationList = 8475C974284E6AE1009E3232 /* Build configuration list for PBXProject "Boomerang" */;
			compatibilityVersion = "Xcode 13.0";
			developmentRegion = en;
			hasScannedForEncodings = 0;
			knownRegions = (
				en,
				Base,
			);
			mainGroup = 8475C970284E6AE1009E3232;
			productRefGroup = 8475C97A284E6AE1009E3232 /* Products */;
			projectDirPath = "";
			projectRoot = "";
			targets = (
				8475C978284E6AE1009E3232 /* Boomerang */,
			);
		};
/* End PBXProject section */

/* Begin PBXResourcesBuildPhase section */
		8475C977284E6AE1009E3232 /* Resources */ = {
			isa = PBXResourcesBuildPhase;
			buildActionMask = 2147483647;
			files = (
				8475C989284E6AE2009E3232 /* LaunchScreen.storyboard in Resources */,
				8475C986284E6AE2009E3232 /* Assets.xcassets in Resources */,
				843FAEA2286B4368003E5507 /* GalleryViewController.storyboard in Resources */,
			);
			runOnlyForDeploymentPostprocessing = 0;
		};
/* End PBXResourcesBuildPhase section */

/* Begin PBXSourcesBuildPhase section */
		8475C975284E6AE1009E3232 /* Sources */ = {
			isa = PBXSourcesBuildPhase;
			buildActionMask = 2147483647;
			files = (
				843FAEA0286B4344003E5507 /* GalleryViewController.swift in Sources */,
				843FAEA6286B4384003E5507 /* GalleryPresenter.swift in Sources */,
				843FAEA9286B43AD003E5507 /* UViewController+Helper.swift in Sources */,
				8475C97D284E6AE1009E3232 /* AppDelegate.swift in Sources */,
				8475C97F284E6AE1009E3232 /* SceneDelegate.swift in Sources */,
				843FAEA4286B4378003E5507 /* GalleryView.swift in Sources */,
			);
			runOnlyForDeploymentPostprocessing = 0;
		};
/* End PBXSourcesBuildPhase section */

/* Begin PBXVariantGroup section */
		8475C987284E6AE2009E3232 /* LaunchScreen.storyboard */ = {
			isa = PBXVariantGroup;
			children = (
				8475C988284E6AE2009E3232 /* Base */,
			);
			name = LaunchScreen.storyboard;
			sourceTree = "<group>";
		};
/* End PBXVariantGroup section */

/* Begin XCBuildConfiguration section */
		8475C98B284E6AE2009E3232 /* Debug */ = {
			isa = XCBuildConfiguration;
			buildSettings = {
				ALWAYS_SEARCH_USER_PATHS = NO;
				CLANG_ANALYZER_NONNULL = YES;
				CLANG_ANALYZER_NUMBER_OBJECT_CONVERSION = YES_AGGRESSIVE;
				CLANG_CXX_LANGUAGE_STANDARD = "gnu++17";
				CLANG_ENABLE_MODULES = YES;
				CLANG_ENABLE_OBJC_ARC = YES;
				CLANG_ENABLE_OBJC_WEAK = YES;
				CLANG_WARN_BLOCK_CAPTURE_AUTORELEASING = YES;
				CLANG_WARN_BOOL_CONVERSION = YES;
				CLANG_WARN_COMMA = YES;
				CLANG_WARN_CONSTANT_CONVERSION = YES;
				CLANG_WARN_DEPRECATED_OBJC_IMPLEMENTATIONS = YES;
				CLANG_WARN_DIRECT_OBJC_ISA_USAGE = YES_ERROR;
				CLANG_WARN_DOCUMENTATION_COMMENTS = YES;
				CLANG_WARN_EMPTY_BODY = YES;
				CLANG_WARN_ENUM_CONVERSION = YES;
				CLANG_WARN_INFINITE_RECURSION = YES;
				CLANG_WARN_INT_CONVERSION = YES;
				CLANG_WARN_NON_LITERAL_NULL_CONVERSION = YES;
				CLANG_WARN_OBJC_IMPLICIT_RETAIN_SELF = YES;
				CLANG_WARN_OBJC_LITERAL_CONVERSION = YES;
				CLANG_WARN_OBJC_ROOT_CLASS = YES_ERROR;
				CLANG_WARN_QUOTED_INCLUDE_IN_FRAMEWORK_HEADER = YES;
				CLANG_WARN_RANGE_LOOP_ANALYSIS = YES;
				CLANG_WARN_STRICT_PROTOTYPES = YES;
				CLANG_WARN_SUSPICIOUS_MOVE = YES;
				CLANG_WARN_UNGUARDED_AVAILABILITY = YES_AGGRESSIVE;
				CLANG_WARN_UNREACHABLE_CODE = YES;
				CLANG_WARN__DUPLICATE_METHOD_MATCH = YES;
				COPY_PHASE_STRIP = NO;
				DEBUG_INFORMATION_FORMAT = dwarf;
				ENABLE_STRICT_OBJC_MSGSEND = YES;
				ENABLE_TESTABILITY = YES;
				GCC_C_LANGUAGE_STANDARD = gnu11;
				GCC_DYNAMIC_NO_PIC = NO;
				GCC_NO_COMMON_BLOCKS = YES;
				GCC_OPTIMIZATION_LEVEL = 0;
				GCC_PREPROCESSOR_DEFINITIONS = (
					"DEBUG=1",
					"$(inherited)",
				);
				GCC_WARN_64_TO_32_BIT_CONVERSION = YES;
				GCC_WARN_ABOUT_RETURN_TYPE = YES_ERROR;
				GCC_WARN_UNDECLARED_SELECTOR = YES;
				GCC_WARN_UNINITIALIZED_AUTOS = YES_AGGRESSIVE;
				GCC_WARN_UNUSED_FUNCTION = YES;
				GCC_WARN_UNUSED_VARIABLE = YES;
				IPHONEOS_DEPLOYMENT_TARGET = 15.4;
				MTL_ENABLE_DEBUG_INFO = INCLUDE_SOURCE;
				MTL_FAST_MATH = YES;
				ONLY_ACTIVE_ARCH = YES;
				SDKROOT = iphoneos;
				SWIFT_ACTIVE_COMPILATION_CONDITIONS = DEBUG;
				SWIFT_OPTIMIZATION_LEVEL = "-Onone";
			};
			name = Debug;
		};
		8475C98C284E6AE2009E3232 /* Release */ = {
			isa = XCBuildConfiguration;
			buildSettings = {
				ALWAYS_SEARCH_USER_PATHS = NO;
				CLANG_ANALYZER_NONNULL = YES;
				CLANG_ANALYZER_NUMBER_OBJECT_CONVERSION = YES_AGGRESSIVE;
				CLANG_CXX_LANGUAGE_STANDARD = "gnu++17";
				CLANG_ENABLE_MODULES = YES;
				CLANG_ENABLE_OBJC_ARC = YES;
				CLANG_ENABLE_OBJC_WEAK = YES;
				CLANG_WARN_BLOCK_CAPTURE_AUTORELEASING = YES;
				CLANG_WARN_BOOL_CONVERSION = YES;
				CLANG_WARN_COMMA = YES;
				CLANG_WARN_CONSTANT_CONVERSION = YES;
				CLANG_WARN_DEPRECATED_OBJC_IMPLEMENTATIONS = YES;
				CLANG_WARN_DIRECT_OBJC_ISA_USAGE = YES_ERROR;
				CLANG_WARN_DOCUMENTATION_COMMENTS = YES;
				CLANG_WARN_EMPTY_BODY = YES;
				CLANG_WARN_ENUM_CONVERSION = YES;
				CLANG_WARN_INFINITE_RECURSION = YES;
				CLANG_WARN_INT_CONVERSION = YES;
				CLANG_WARN_NON_LITERAL_NULL_CONVERSION = YES;
				CLANG_WARN_OBJC_IMPLICIT_RETAIN_SELF = YES;
				CLANG_WARN_OBJC_LITERAL_CONVERSION = YES;
				CLANG_WARN_OBJC_ROOT_CLASS = YES_ERROR;
				CLANG_WARN_QUOTED_INCLUDE_IN_FRAMEWORK_HEADER = YES;
				CLANG_WARN_RANGE_LOOP_ANALYSIS = YES;
				CLANG_WARN_STRICT_PROTOTYPES = YES;
				CLANG_WARN_SUSPICIOUS_MOVE = YES;
				CLANG_WARN_UNGUARDED_AVAILABILITY = YES_AGGRESSIVE;
				CLANG_WARN_UNREACHABLE_CODE = YES;
				CLANG_WARN__DUPLICATE_METHOD_MATCH = YES;
				COPY_PHASE_STRIP = NO;
				DEBUG_INFORMATION_FORMAT = "dwarf-with-dsym";
				ENABLE_NS_ASSERTIONS = NO;
				ENABLE_STRICT_OBJC_MSGSEND = YES;
				GCC_C_LANGUAGE_STANDARD = gnu11;
				GCC_NO_COMMON_BLOCKS = YES;
				GCC_WARN_64_TO_32_BIT_CONVERSION = YES;
				GCC_WARN_ABOUT_RETURN_TYPE = YES_ERROR;
				GCC_WARN_UNDECLARED_SELECTOR = YES;
				GCC_WARN_UNINITIALIZED_AUTOS = YES_AGGRESSIVE;
				GCC_WARN_UNUSED_FUNCTION = YES;
				GCC_WARN_UNUSED_VARIABLE = YES;
				IPHONEOS_DEPLOYMENT_TARGET = 15.4;
				MTL_ENABLE_DEBUG_INFO = NO;
				MTL_FAST_MATH = YES;
				SDKROOT = iphoneos;
				SWIFT_COMPILATION_MODE = wholemodule;
				SWIFT_OPTIMIZATION_LEVEL = "-O";
				VALIDATE_PRODUCT = YES;
			};
			name = Release;
		};
		8475C98E284E6AE2009E3232 /* Debug */ = {
			isa = XCBuildConfiguration;
			buildSettings = {
				ASSETCATALOG_COMPILER_APPICON_NAME = AppIcon;
				ASSETCATALOG_COMPILER_GLOBAL_ACCENT_COLOR_NAME = AccentColor;
				CODE_SIGN_STYLE = Automatic;
				CURRENT_PROJECT_VERSION = 1;
				DEVELOPMENT_TEAM = K3YNK36LKJ;
				GENERATE_INFOPLIST_FILE = YES;
				INFOPLIST_FILE = Boomerang/Info.plist;
				INFOPLIST_KEY_UIApplicationSupportsIndirectInputEvents = YES;
				INFOPLIST_KEY_UILaunchStoryboardName = LaunchScreen;
				INFOPLIST_KEY_UISupportedInterfaceOrientations_iPad = "UIInterfaceOrientationPortrait UIInterfaceOrientationPortraitUpsideDown UIInterfaceOrientationLandscapeLeft UIInterfaceOrientationLandscapeRight";
				INFOPLIST_KEY_UISupportedInterfaceOrientations_iPhone = "UIInterfaceOrientationPortrait UIInterfaceOrientationLandscapeLeft UIInterfaceOrientationLandscapeRight";
				LD_RUNPATH_SEARCH_PATHS = (
					"$(inherited)",
					"@executable_path/Frameworks",
				);
				MARKETING_VERSION = 1.0;
				PRODUCT_BUNDLE_IDENTIFIER = com.myApplication.Boomerang;
				PRODUCT_NAME = "$(TARGET_NAME)";
				SWIFT_EMIT_LOC_STRINGS = YES;
				SWIFT_VERSION = 5.0;
				TARGETED_DEVICE_FAMILY = "1,2";
			};
			name = Debug;
		};
		8475C98F284E6AE2009E3232 /* Release */ = {
			isa = XCBuildConfiguration;
			buildSettings = {
				ASSETCATALOG_COMPILER_APPICON_NAME = AppIcon;
				ASSETCATALOG_COMPILER_GLOBAL_ACCENT_COLOR_NAME = AccentColor;
				CODE_SIGN_STYLE = Automatic;
				CURRENT_PROJECT_VERSION = 1;
				DEVELOPMENT_TEAM = K3YNK36LKJ;
				GENERATE_INFOPLIST_FILE = YES;
				INFOPLIST_FILE = Boomerang/Info.plist;
				INFOPLIST_KEY_UIApplicationSupportsIndirectInputEvents = YES;
				INFOPLIST_KEY_UILaunchStoryboardName = LaunchScreen;
				INFOPLIST_KEY_UISupportedInterfaceOrientations_iPad = "UIInterfaceOrientationPortrait UIInterfaceOrientationPortraitUpsideDown UIInterfaceOrientationLandscapeLeft UIInterfaceOrientationLandscapeRight";
				INFOPLIST_KEY_UISupportedInterfaceOrientations_iPhone = "UIInterfaceOrientationPortrait UIInterfaceOrientationLandscapeLeft UIInterfaceOrientationLandscapeRight";
				LD_RUNPATH_SEARCH_PATHS = (
					"$(inherited)",
					"@executable_path/Frameworks",
				);
				MARKETING_VERSION = 1.0;
				PRODUCT_BUNDLE_IDENTIFIER = com.myApplication.Boomerang;
				PRODUCT_NAME = "$(TARGET_NAME)";
				SWIFT_EMIT_LOC_STRINGS = YES;
				SWIFT_VERSION = 5.0;
				TARGETED_DEVICE_FAMILY = "1,2";
			};
			name = Release;
		};
/* End XCBuildConfiguration section */

/* Begin XCConfigurationList section */
		8475C974284E6AE1009E3232 /* Build configuration list for PBXProject "Boomerang" */ = {
			isa = XCConfigurationList;
			buildConfigurations = (
				8475C98B284E6AE2009E3232 /* Debug */,
				8475C98C284E6AE2009E3232 /* Release */,
			);
			defaultConfigurationIsVisible = 0;
			defaultConfigurationName = Release;
		};
		8475C98D284E6AE2009E3232 /* Build configuration list for PBXNativeTarget "Boomerang" */ = {
			isa = XCConfigurationList;
			buildConfigurations = (
				8475C98E284E6AE2009E3232 /* Debug */,
				8475C98F284E6AE2009E3232 /* Release */,
			);
			defaultConfigurationIsVisible = 0;
			defaultConfigurationName = Release;
		};
/* End XCConfigurationList section */
	};
	rootObject = 8475C971284E6AE1009E3232 /* Project object */;
}
